
Microsoft Visual Studio Solution File, Format Version 12.00
# Visual Studio 15
VisualStudioVersion = 15.0.27130.2024
MinimumVisualStudioVersion = 10.0.40219.1
Project("{FAE04EC0-301F-11D3-BF4B-00C04F79EFBC}") = "BrightSky.Common", "src\BrightSky.Common\BrightSky.Common.csproj", "{F8B151F4-7BEF-45DB-8A10-EB43F265820C}"
EndProject
Project("{FAE04EC0-301F-11D3-BF4B-00C04F79EFBC}") = "BrightSky.Common.Tests", "tests\BrightSky.Common.Tests\BrightSky.Common.Tests.csproj", "{52AE6B57-5EE7-4AB6-B240-601643852CCE}"
EndProject
Global
	GlobalSection(SolutionConfigurationPlatforms) = preSolution
		Debug|Any CPU = Debug|Any CPU
		Release|Any CPU = Release|Any CPU
	EndGlobalSection
	GlobalSection(ProjectConfigurationPlatforms) = postSolution
		{F8B151F4-7BEF-45DB-8A10-EB43F265820C}.Debug|Any CPU.ActiveCfg = Debug|Any CPU
		{F8B151F4-7BEF-45DB-8A10-EB43F265820C}.Debug|Any CPU.Build.0 = Debug|Any CPU
		{F8B151F4-7BEF-45DB-8A10-EB43F265820C}.Release|Any CPU.ActiveCfg = Release|Any CPU
		{F8B151F4-7BEF-45DB-8A10-EB43F265820C}.Release|Any CPU.Build.0 = Release|Any CPU
		{52AE6B57-5EE7-4AB6-B240-601643852CCE}.Debug|Any CPU.ActiveCfg = Debug|Any CPU
		{52AE6B57-5EE7-4AB6-B240-601643852CCE}.Debug|Any CPU.Build.0 = Debug|Any CPU
		{52AE6B57-5EE7-4AB6-B240-601643852CCE}.Release|Any CPU.ActiveCfg = Release|Any CPU
		{52AE6B57-5EE7-4AB6-B240-601643852CCE}.Release|Any CPU.Build.0 = Release|Any CPU
	EndGlobalSection
	GlobalSection(SolutionProperties) = preSolution
		HideSolutionNode = FALSE
	EndGlobalSection
	GlobalSection(ExtensibilityGlobals) = postSolution
		SolutionGuid = {FAC9B840-38D2-4601-9639-558D15080B92}
	EndGlobalSection
EndGlobal
